
Microsoft Visual Studio Solution File, Format Version 12.00
# Visual Studio 15
VisualStudioVersion = 15.0.28010.2036
MinimumVisualStudioVersion = 10.0.40219.1
Project("{FAE04EC0-301F-11D3-BF4B-00C04F79EFBC}") = "CurrencyConverter", "CurrencyConverter\CurrencyConverter.csproj", "{9D4B0D90-261E-405F-9135-B1AF485D6984}"
EndProject
Project("{FAE04EC0-301F-11D3-BF4B-00C04F79EFBC}") = "CurrencyConverterConsole", "CurrencyConverterConsole\CurrencyConverterConsole.csproj", "{F3305985-7F89-4983-AF49-855835123243}"
EndProject
Global
	GlobalSection(SolutionConfigurationPlatforms) = preSolution
		Debug|Any CPU = Debug|Any CPU
		Release|Any CPU = Release|Any CPU
	EndGlobalSection
	GlobalSection(ProjectConfigurationPlatforms) = postSolution
		{9D4B0D90-261E-405F-9135-B1AF485D6984}.Debug|Any CPU.ActiveCfg = Debug|Any CPU
		{9D4B0D90-261E-405F-9135-B1AF485D6984}.Debug|Any CPU.Build.0 = Debug|Any CPU
		{9D4B0D90-261E-405F-9135-B1AF485D6984}.Release|Any CPU.ActiveCfg = Release|Any CPU
		{9D4B0D90-261E-405F-9135-B1AF485D6984}.Release|Any CPU.Build.0 = Release|Any CPU
		{F3305985-7F89-4983-AF49-855835123243}.Debug|Any CPU.ActiveCfg = Debug|Any CPU
		{F3305985-7F89-4983-AF49-855835123243}.Debug|Any CPU.Build.0 = Debug|Any CPU
		{F3305985-7F89-4983-AF49-855835123243}.Release|Any CPU.ActiveCfg = Release|Any CPU
		{F3305985-7F89-4983-AF49-855835123243}.Release|Any CPU.Build.0 = Release|Any CPU
	EndGlobalSection
	GlobalSection(SolutionProperties) = preSolution
		HideSolutionNode = FALSE
	EndGlobalSection
	GlobalSection(ExtensibilityGlobals) = postSolution
		SolutionGuid = {011D5C37-1D61-4841-92EE-7F13B86A408C}
	EndGlobalSection
EndGlobal
